
Microsoft Visual Studio Solution File, Format Version 12.00
# Visual Studio Version 17
VisualStudioVersion = 17.14.36221.1 d17.14
MinimumVisualStudioVersion = 10.0.40219.1
Project("{54A90642-561A-4BB1-A94E-469ADEE60C69}") = "bankmapapp.client", "bankmapapp.client\bankmapapp.client.esproj", "{EDDC1D30-AC18-9AD7-67DE-FF60E41A3C6D}"
EndProject
Project("{FAE04EC0-301F-11D3-BF4B-00C04F79EFBC}") = "BankMapApp.Server", "BankMapApp.Server\BankMapApp.Server.csproj", "{AF104EDD-BF48-479B-B4CA-772AB55D2CCE}"
EndProject
Global
	GlobalSection(SolutionConfigurationPlatforms) = preSolution
		Debug|Any CPU = Debug|Any CPU
		Release|Any CPU = Release|Any CPU
	EndGlobalSection
	GlobalSection(ProjectConfigurationPlatforms) = postSolution
		{EDDC1D30-AC18-9AD7-67DE-FF60E41A3C6D}.Debug|Any CPU.ActiveCfg = Debug|Any CPU
		{EDDC1D30-AC18-9AD7-67DE-FF60E41A3C6D}.Debug|Any CPU.Build.0 = Debug|Any CPU
		{EDDC1D30-AC18-9AD7-67DE-FF60E41A3C6D}.Debug|Any CPU.Deploy.0 = Debug|Any CPU
		{EDDC1D30-AC18-9AD7-67DE-FF60E41A3C6D}.Release|Any CPU.ActiveCfg = Release|Any CPU
		{EDDC1D30-AC18-9AD7-67DE-FF60E41A3C6D}.Release|Any CPU.Build.0 = Release|Any CPU
		{EDDC1D30-AC18-9AD7-67DE-FF60E41A3C6D}.Release|Any CPU.Deploy.0 = Release|Any CPU
		{AF104EDD-BF48-479B-B4CA-772AB55D2CCE}.Debug|Any CPU.ActiveCfg = Debug|Any CPU
		{AF104EDD-BF48-479B-B4CA-772AB55D2CCE}.Debug|Any CPU.Build.0 = Debug|Any CPU
		{AF104EDD-BF48-479B-B4CA-772AB55D2CCE}.Release|Any CPU.ActiveCfg = Release|Any CPU
		{AF104EDD-BF48-479B-B4CA-772AB55D2CCE}.Release|Any CPU.Build.0 = Release|Any CPU
	EndGlobalSection
	GlobalSection(SolutionProperties) = preSolution
		HideSolutionNode = FALSE
	EndGlobalSection
	GlobalSection(ExtensibilityGlobals) = postSolution
		SolutionGuid = {49D5D8FA-F41F-4055-B46F-636AA6D07CB2}
	EndGlobalSection
EndGlobal
